// !$*UTF8*$!
{
	archiveVersion = 1;
	classes = {
	};
	objectVersion = 46;
	objects = {

/* Begin PBXBuildFile section */
		0F7AC0801CCB531700614A8D /* AppDelegate.swift in Sources */ = {isa = PBXBuildFile; fileRef = 0F7AC07F1CCB531700614A8D /* AppDelegate.swift */; };
		0F7AC0871CCB531700614A8D /* Assets.xcassets in Resources */ = {isa = PBXBuildFile; fileRef = 0F7AC0861CCB531700614A8D /* Assets.xcassets */; };
		0F7AC08A1CCB531700614A8D /* LaunchScreen.storyboard in Resources */ = {isa = PBXBuildFile; fileRef = 0F7AC0881CCB531700614A8D /* LaunchScreen.storyboard */; };
		0F7AC0941CCB549E00614A8D /* ViewController.swift in Sources */ = {isa = PBXBuildFile; fileRef = 0F7AC0911CCB549E00614A8D /* ViewController.swift */; };
		0F7AC0951CCB549E00614A8D /* Main.storyboard in Resources */ = {isa = PBXBuildFile; fileRef = 0F7AC0921CCB549E00614A8D /* Main.storyboard */; };
		0F7AC0961CCB549E00614A8D /* Quotes.swift in Sources */ = {isa = PBXBuildFile; fileRef = 0F7AC0931CCB549E00614A8D /* Quotes.swift */; };
		0F7AC09E1CCB54C800614A8D /* image1.png in Resources */ = {isa = PBXBuildFile; fileRef = 0F7AC0981CCB54C800614A8D /* image1.png */; };
		0F7AC09F1CCB54C800614A8D /* image2.png in Resources */ = {isa = PBXBuildFile; fileRef = 0F7AC0991CCB54C800614A8D /* image2.png */; };
		0F7AC0A01CCB54C800614A8D /* image3.png in Resources */ = {isa = PBXBuildFile; fileRef = 0F7AC09A1CCB54C800614A8D /* image3.png */; };
		0F7AC0A11CCB54C800614A8D /* image4.png in Resources */ = {isa = PBXBuildFile; fileRef = 0F7AC09B1CCB54C800614A8D /* image4.png */; };
		0F7AC0A21CCB54C800614A8D /* image5.png in Resources */ = {isa = PBXBuildFile; fileRef = 0F7AC09C1CCB54C800614A8D /* image5.png */; };
		0F7AC0A31CCB54C800614A8D /* image6.png in Resources */ = {isa = PBXBuildFile; fileRef = 0F7AC09D1CCB54C800614A8D /* image6.png */; };
/* End PBXBuildFile section */

/* Begin PBXFileReference section */
		0F7AC07C1CCB531700614A8D /* inspirus.app */ = {isa = PBXFileReference; explicitFileType = wrapper.application; includeInIndex = 0; path = inspirus.app; sourceTree = BUILT_PRODUCTS_DIR; };
		0F7AC07F1CCB531700614A8D /* AppDelegate.swift */ = {isa = PBXFileReference; lastKnownFileType = sourcecode.swift; path = AppDelegate.swift; sourceTree = "<group>"; };
		0F7AC0861CCB531700614A8D /* Assets.xcassets */ = {isa = PBXFileReference; lastKnownFileType = folder.assetcatalog; path = Assets.xcassets; sourceTree = "<group>"; };
		0F7AC0891CCB531700614A8D /* Base */ = {isa = PBXFileReference; lastKnownFileType = file.storyboard; name = Base; path = Base.lproj/LaunchScreen.storyboard; sourceTree = "<group>"; };
		0F7AC08B1CCB531700614A8D /* Info.plist */ = {isa = PBXFileReference; lastKnownFileType = text.plist.xml; path = Info.plist; sourceTree = "<group>"; };
		0F7AC0911CCB549E00614A8D /* ViewController.swift */ = {isa = PBXFileReference; fileEncoding = 4; lastKnownFileType = sourcecode.swift; path = ViewController.swift; sourceTree = "<group>"; };
		0F7AC0921CCB549E00614A8D /* Main.storyboard */ = {isa = PBXFileReference; fileEncoding = 4; lastKnownFileType = file.storyboard; path = Main.storyboard; sourceTree = "<group>"; };
		0F7AC0931CCB549E00614A8D /* Quotes.swift */ = {isa = PBXFileReference; fileEncoding = 4; lastKnownFileType = sourcecode.swift; path = Quotes.swift; sourceTree = "<group>"; };
		0F7AC0981CCB54C800614A8D /* image1.png */ = {isa = PBXFileReference; lastKnownFileType = image.png; path = image1.png; sourceTree = "<group>"; };
		0F7AC0991CCB54C800614A8D /* image2.png */ = {isa = PBXFileReference; lastKnownFileType = image.png; path = image2.png; sourceTree = "<group>"; };
		0F7AC09A1CCB54C800614A8D /* image3.png */ = {isa = PBXFileReference; lastKnownFileType = image.png; path = image3.png; sourceTree = "<group>"; };
		0F7AC09B1CCB54C800614A8D /* image4.png */ = {isa = PBXFileReference; lastKnownFileType = image.png; path = image4.png; sourceTree = "<group>"; };
		0F7AC09C1CCB54C800614A8D /* image5.png */ = {isa = PBXFileReference; lastKnownFileType = image.png; path = image5.png; sourceTree = "<group>"; };
		0F7AC09D1CCB54C800614A8D /* image6.png */ = {isa = PBXFileReference; lastKnownFileType = image.png; path = image6.png; sourceTree = "<group>"; };
/* End PBXFileReference section */

/* Begin PBXFrameworksBuildPhase section */
		0F7AC0791CCB531700614A8D /* Frameworks */ = {
			isa = PBXFrameworksBuildPhase;
			buildActionMask = 2147483647;
			files = (
			);
			runOnlyForDeploymentPostprocessing = 0;
		};
/* End PBXFrameworksBuildPhase section */

/* Begin PBXGroup section */
		0F7AC0731CCB531700614A8D = {
			isa = PBXGroup;
			children = (
				0F7AC07E1CCB531700614A8D /* inspirus */,
				0F7AC07D1CCB531700614A8D /* Products */,
			);
			sourceTree = "<group>";
		};
		0F7AC07D1CCB531700614A8D /* Products */ = {
			isa = PBXGroup;
			children = (
				0F7AC07C1CCB531700614A8D /* inspirus.app */,
			);
			name = Products;
			sourceTree = "<group>";
		};
		0F7AC07E1CCB531700614A8D /* inspirus */ = {
			isa = PBXGroup;
			children = (
				0F7AC0971CCB54A400614A8D /* images */,
				0F7AC0911CCB549E00614A8D /* ViewController.swift */,
				0F7AC0921CCB549E00614A8D /* Main.storyboard */,
				0F7AC0931CCB549E00614A8D /* Quotes.swift */,
				0F7AC07F1CCB531700614A8D /* AppDelegate.swift */,
				0F7AC0861CCB531700614A8D /* Assets.xcassets */,
				0F7AC0881CCB531700614A8D /* LaunchScreen.storyboard */,
				0F7AC08B1CCB531700614A8D /* Info.plist */,
			);
			path = inspirus;
			sourceTree = "<group>";
		};
		0F7AC0971CCB54A400614A8D /* images */ = {
			isa = PBXGroup;
			children = (
				0F7AC0981CCB54C800614A8D /* image1.png */,
				0F7AC0991CCB54C800614A8D /* image2.png */,
				0F7AC09A1CCB54C800614A8D /* image3.png */,
				0F7AC09B1CCB54C800614A8D /* image4.png */,
				0F7AC09C1CCB54C800614A8D /* image5.png */,
				0F7AC09D1CCB54C800614A8D /* image6.png */,
			);
			name = images;
			sourceTree = "<group>";
		};
/* End PBXGroup section */

/* Begin PBXNativeTarget section */
		0F7AC07B1CCB531700614A8D /* inspirus */ = {
			isa = PBXNativeTarget;
			buildConfigurationList = 0F7AC08E1CCB531700614A8D /* Build configuration list for PBXNativeTarget "inspirus" */;
			buildPhases = (
				0F7AC0781CCB531700614A8D /* Sources */,
				0F7AC0791CCB531700614A8D /* Frameworks */,
				0F7AC07A1CCB531700614A8D /* Resources */,
			);
			buildRules = (
			);
			dependencies = (
			);
			name = inspirus;
			productName = inspirus;
			productReference = 0F7AC07C1CCB531700614A8D /* inspirus.app */;
			productType = "com.apple.product-type.application";
		};
/* End PBXNativeTarget section */

/* Begin PBXProject section */
		0F7AC0741CCB531700614A8D /* Project object */ = {
			isa = PBXProject;
			attributes = {
				LastSwiftUpdateCheck = 0730;
				LastUpgradeCheck = 0730;
				ORGANIZATIONNAME = phamhiepst;
				TargetAttributes = {
					0F7AC07B1CCB531700614A8D = {
						CreatedOnToolsVersion = 7.3;
						DevelopmentTeam = UGCZJVAFMN;
					};
				};
			};
			buildConfigurationList = 0F7AC0771CCB531700614A8D /* Build configuration list for PBXProject "inspirus" */;
			compatibilityVersion = "Xcode 3.2";
			developmentRegion = English;
			hasScannedForEncodings = 0;
			knownRegions = (
				en,
				Base,
			);
			mainGroup = 0F7AC0731CCB531700614A8D;
			productRefGroup = 0F7AC07D1CCB531700614A8D /* Products */;
			projectDirPath = "";
			projectRoot = "";
			targets = (
				0F7AC07B1CCB531700614A8D /* inspirus */,
			);
		};
/* End PBXProject section */

/* Begin PBXResourcesBuildPhase section */
		0F7AC07A1CCB531700614A8D /* Resources */ = {
			isa = PBXResourcesBuildPhase;
			buildActionMask = 2147483647;
			files = (
				0F7AC0951CCB549E00614A8D /* Main.storyboard in Resources */,
				0F7AC0A31CCB54C800614A8D /* image6.png in Resources */,
				0F7AC0A01CCB54C800614A8D /* image3.png in Resources */,
				0F7AC09F1CCB54C800614A8D /* image2.png in Resources */,
				0F7AC09E1CCB54C800614A8D /* image1.png in Resources */,
				0F7AC0A11CCB54C800614A8D /* image4.png in Resources */,
				0F7AC0A21CCB54C800614A8D /* image5.png in Resources */,
				0F7AC08A1CCB531700614A8D /* LaunchScreen.storyboard in Resources */,
				0F7AC0871CCB531700614A8D /* Assets.xcassets in Resources */,
			);
			runOnlyForDeploymentPostprocessing = 0;
		};
/* End PBXResourcesBuildPhase section */

/* Begin PBXSourcesBuildPhase section */
		0F7AC0781CCB531700614A8D /* Sources */ = {
			isa = PBXSourcesBuildPhase;
			buildActionMask = 2147483647;
			files = (
				0F7AC0941CCB549E00614A8D /* ViewController.swift in Sources */,
				0F7AC0801CCB531700614A8D /* AppDelegate.swift in Sources */,
				0F7AC0961CCB549E00614A8D /* Quotes.swift in Sources */,
			);
			runOnlyForDeploymentPostprocessing = 0;
		};
/* End PBXSourcesBuildPhase section */

/* Begin PBXVariantGroup section */
		0F7AC0881CCB531700614A8D /* LaunchScreen.storyboard */ = {
			isa = PBXVariantGroup;
			children = (
				0F7AC0891CCB531700614A8D /* Base */,
			);
			name = LaunchScreen.storyboard;
			sourceTree = "<group>";
		};
/* End PBXVariantGroup section */

/* Begin XCBuildConfiguration section */
		0F7AC08C1CCB531700614A8D /* Debug */ = {
			isa = XCBuildConfiguration;
			buildSettings = {
				ALWAYS_SEARCH_USER_PATHS = NO;
				CLANG_ANALYZER_NONNULL = YES;
				CLANG_CXX_LANGUAGE_STANDARD = "gnu++0x";
				CLANG_CXX_LIBRARY = "libc++";
				CLANG_ENABLE_MODULES = YES;
				CLANG_ENABLE_OBJC_ARC = YES;
				CLANG_WARN_BOOL_CONVERSION = YES;
				CLANG_WARN_CONSTANT_CONVERSION = YES;
				CLANG_WARN_DIRECT_OBJC_ISA_USAGE = YES_ERROR;
				CLANG_WARN_EMPTY_BODY = YES;
				CLANG_WARN_ENUM_CONVERSION = YES;
				CLANG_WARN_INT_CONVERSION = YES;
				CLANG_WARN_OBJC_ROOT_CLASS = YES_ERROR;
				CLANG_WARN_UNREACHABLE_CODE = YES;
				CLANG_WARN__DUPLICATE_METHOD_MATCH = YES;
				"CODE_SIGN_IDENTITY[sdk=iphoneos*]" = "iPhone Developer";
				COPY_PHASE_STRIP = NO;
				DEBUG_INFORMATION_FORMAT = dwarf;
				ENABLE_STRICT_OBJC_MSGSEND = YES;
				ENABLE_TESTABILITY = YES;
				GCC_C_LANGUAGE_STANDARD = gnu99;
				GCC_DYNAMIC_NO_PIC = NO;
				GCC_NO_COMMON_BLOCKS = YES;
				GCC_OPTIMIZATION_LEVEL = 0;
				GCC_PREPROCESSOR_DEFINITIONS = (
					"DEBUG=1",
					"$(inherited)",
				);
				GCC_WARN_64_TO_32_BIT_CONVERSION = YES;
				GCC_WARN_ABOUT_RETURN_TYPE = YES_ERROR;
				GCC_WARN_UNDECLARED_SELECTOR = YES;
				GCC_WARN_UNINITIALIZED_AUTOS = YES_AGGRESSIVE;
				GCC_WARN_UNUSED_FUNCTION = YES;
				GCC_WARN_UNUSED_VARIABLE = YES;
				IPHONEOS_DEPLOYMENT_TARGET = 9.3;
				MTL_ENABLE_DEBUG_INFO = YES;
				ONLY_ACTIVE_ARCH = YES;
				SDKROOT = iphoneos;
				SWIFT_OPTIMIZATION_LEVEL = "-Onone";
				TARGETED_DEVICE_FAMILY = "1,2";
			};
			name = Debug;
		};
		0F7AC08D1CCB531700614A8D /* Release */ = {
			isa = XCBuildConfiguration;
			buildSettings = {
				ALWAYS_SEARCH_USER_PATHS = NO;
				CLANG_ANALYZER_NONNULL = YES;
				CLANG_CXX_LANGUAGE_STANDARD = "gnu++0x";
				CLANG_CXX_LIBRARY = "libc++";
				CLANG_ENABLE_MODULES = YES;
				CLANG_ENABLE_OBJC_ARC = YES;
				CLANG_WARN_BOOL_CONVERSION = YES;
				CLANG_WARN_CONSTANT_CONVERSION = YES;
				CLANG_WARN_DIRECT_OBJC_ISA_USAGE = YES_ERROR;
				CLANG_WARN_EMPTY_BODY = YES;
				CLANG_WARN_ENUM_CONVERSION = YES;
				CLANG_WARN_INT_CONVERSION = YES;
				CLANG_WARN_OBJC_ROOT_CLASS = YES_ERROR;
				CLANG_WARN_UNREACHABLE_CODE = YES;
				CLANG_WARN__DUPLICATE_METHOD_MATCH = YES;
				"CODE_SIGN_IDENTITY[sdk=iphoneos*]" = "iPhone Developer";
				COPY_PHASE_STRIP = NO;
				DEBUG_INFORMATION_FORMAT = "dwarf-with-dsym";
				ENABLE_NS_ASSERTIONS = NO;
				ENABLE_STRICT_OBJC_MSGSEND = YES;
				GCC_C_LANGUAGE_STANDARD = gnu99;
				GCC_NO_COMMON_BLOCKS = YES;
				GCC_WARN_64_TO_32_BIT_CONVERSION = YES;
				GCC_WARN_ABOUT_RETURN_TYPE = YES_ERROR;
				GCC_WARN_UNDECLARED_SELECTOR = YES;
				GCC_WARN_UNINITIALIZED_AUTOS = YES_AGGRESSIVE;
				GCC_WARN_UNUSED_FUNCTION = YES;
				GCC_WARN_UNUSED_VARIABLE = YES;
				IPHONEOS_DEPLOYMENT_TARGET = 9.3;
				MTL_ENABLE_DEBUG_INFO = NO;
				SDKROOT = iphoneos;
				TARGETED_DEVICE_FAMILY = "1,2";
				VALIDATE_PRODUCT = YES;
			};
			name = Release;
		};
		0F7AC08F1CCB531700614A8D /* Debug */ = {
			isa = XCBuildConfiguration;
			buildSettings = {
				ASSETCATALOG_COMPILER_APPICON_NAME = AppIcon;
				INFOPLIST_FILE = inspirus/Info.plist;
				LD_RUNPATH_SEARCH_PATHS = "$(inherited) @executable_path/Frameworks";
				PRODUCT_BUNDLE_IDENTIFIER = com.gmail.phamhiepst.inspirus;
				PRODUCT_NAME = "$(TARGET_NAME)";
			};
			name = Debug;
		};
		0F7AC0901CCB531700614A8D /* Release */ = {
			isa = XCBuildConfiguration;
			buildSettings = {
				ASSETCATALOG_COMPILER_APPICON_NAME = AppIcon;
				INFOPLIST_FILE = inspirus/Info.plist;
				LD_RUNPATH_SEARCH_PATHS = "$(inherited) @executable_path/Frameworks";
				PRODUCT_BUNDLE_IDENTIFIER = com.gmail.phamhiepst.inspirus;
				PRODUCT_NAME = "$(TARGET_NAME)";
			};
			name = Release;
		};
/* End XCBuildConfiguration section */

/* Begin XCConfigurationList section */
		0F7AC0771CCB531700614A8D /* Build configuration list for PBXProject "inspirus" */ = {
			isa = XCConfigurationList;
			buildConfigurations = (
				0F7AC08C1CCB531700614A8D /* Debug */,
				0F7AC08D1CCB531700614A8D /* Release */,
			);
			defaultConfigurationIsVisible = 0;
			defaultConfigurationName = Release;
		};
		0F7AC08E1CCB531700614A8D /* Build configuration list for PBXNativeTarget "inspirus" */ = {
			isa = XCConfigurationList;
			buildConfigurations = (
				0F7AC08F1CCB531700614A8D /* Debug */,
				0F7AC0901CCB531700614A8D /* Release */,
			);
			defaultConfigurationIsVisible = 0;
		};
/* End XCConfigurationList section */
	};
	rootObject = 0F7AC0741CCB531700614A8D /* Project object */;
}
